// !$*UTF8*$!
{
	archiveVersion = 1;
	classes = {
	};
	objectVersion = 46;
	objects = {

/* Begin PBXBuildFile section */
		182FEEDB1D1A65DE005768F1 /* M13ProgressView.m in Sources */ = {isa = PBXBuildFile; fileRef = 182FEEC81D1A65DE005768F1 /* M13ProgressView.m */; };
		182FEEDC1D1A65DE005768F1 /* M13ProgressViewBar.m in Sources */ = {isa = PBXBuildFile; fileRef = 182FEECA1D1A65DE005768F1 /* M13ProgressViewBar.m */; };
		182FEEDD1D1A65DE005768F1 /* M13ProgressViewBorderedBar.m in Sources */ = {isa = PBXBuildFile; fileRef = 182FEECC1D1A65DE005768F1 /* M13ProgressViewBorderedBar.m */; };
		182FEEDE1D1A65DE005768F1 /* M13ProgressViewFilteredImage.m in Sources */ = {isa = PBXBuildFile; fileRef = 182FEECE1D1A65DE005768F1 /* M13ProgressViewFilteredImage.m */; };
		182FEEDF1D1A65DE005768F1 /* M13ProgressViewImage.m in Sources */ = {isa = PBXBuildFile; fileRef = 182FEED01D1A65DE005768F1 /* M13ProgressViewImage.m */; };
		182FEEE01D1A65DE005768F1 /* M13ProgressViewPie.m in Sources */ = {isa = PBXBuildFile; fileRef = 182FEED21D1A65DE005768F1 /* M13ProgressViewPie.m */; };
		182FEEE11D1A65DE005768F1 /* M13ProgressViewRing.m in Sources */ = {isa = PBXBuildFile; fileRef = 182FEED41D1A65DE005768F1 /* M13ProgressViewRing.m */; };
		182FEEE21D1A65DE005768F1 /* M13ProgressViewSegmentedBar.m in Sources */ = {isa = PBXBuildFile; fileRef = 182FEED61D1A65DE005768F1 /* M13ProgressViewSegmentedBar.m */; };
		182FEEE31D1A65DE005768F1 /* M13ProgressViewSegmentedRing.m in Sources */ = {isa = PBXBuildFile; fileRef = 182FEED81D1A65DE005768F1 /* M13ProgressViewSegmentedRing.m */; };
		182FEEE41D1A65DE005768F1 /* M13ProgressViewStripedBar.m in Sources */ = {isa = PBXBuildFile; fileRef = 182FEEDA1D1A65DE005768F1 /* M13ProgressViewStripedBar.m */; };
		182FEEEA1D1A65E2005768F1 /* M13ProgressHUD.m in Sources */ = {isa = PBXBuildFile; fileRef = 182FEEE71D1A65E2005768F1 /* M13ProgressHUD.m */; };
		182FEEEB1D1A65E2005768F1 /* UIImage+ImageEffects.m in Sources */ = {isa = PBXBuildFile; fileRef = 182FEEE91D1A65E2005768F1 /* UIImage+ImageEffects.m */; };
		182FEF3B1D1A738B005768F1 /* PPDragDropBadgeView.bundle in Resources */ = {isa = PBXBuildFile; fileRef = 182FEF331D1A738B005768F1 /* PPDragDropBadgeView.bundle */; };
		182FEF3C1D1A738B005768F1 /* PPDragDropBadgeView.m in Sources */ = {isa = PBXBuildFile; fileRef = 182FEF351D1A738B005768F1 /* PPDragDropBadgeView.m */; };
		182FEF3D1D1A738B005768F1 /* PRTween.m in Sources */ = {isa = PBXBuildFile; fileRef = 182FEF381D1A738B005768F1 /* PRTween.m */; settings = {COMPILER_FLAGS = "-fno-objc-arc"; }; };
		182FEF3E1D1A738B005768F1 /* PRTweenTimingFunctions.m in Sources */ = {isa = PBXBuildFile; fileRef = 182FEF3A1D1A738B005768F1 /* PRTweenTimingFunctions.m */; settings = {COMPILER_FLAGS = "-fno-objc-arc"; }; };
		189C75AD1D0FB14500FCEC31 /* GYMessage.m in Sources */ = {isa = PBXBuildFile; fileRef = 189C75AB1D0FB14500FCEC31 /* GYMessage.m */; };
		189C75BC1D0FDED000FCEC31 /* GYMessengeExtendElement.m in Sources */ = {isa = PBXBuildFile; fileRef = 189C75BB1D0FDED000FCEC31 /* GYMessengeExtendElement.m */; };
		189C75BF1D0FDF3E00FCEC31 /* GYGenUUID.m in Sources */ = {isa = PBXBuildFile; fileRef = 189C75BE1D0FDF3E00FCEC31 /* GYGenUUID.m */; };
		189C75C11D0FF97900FCEC31 /* Default-568h@2x.png in Resources */ = {isa = PBXBuildFile; fileRef = 189C75C01D0FF97900FCEC31 /* Default-568h@2x.png */; };
		189C75C41D0FFB1D00FCEC31 /* MessageListCell.m in Sources */ = {isa = PBXBuildFile; fileRef = 189C75C31D0FFB1D00FCEC31 /* MessageListCell.m */; };
		18CB04131D1386E000076DBA /* GYFMDB.m in Sources */ = {isa = PBXBuildFile; fileRef = 18CB040E1D1386E000076DBA /* GYFMDB.m */; };
		18CB04141D1386E000076DBA /* NSObject+GYFMDB.m in Sources */ = {isa = PBXBuildFile; fileRef = 18CB04101D1386E000076DBA /* NSObject+GYFMDB.m */; };
		18CB04151D1386E000076DBA /* LICENSE in Resources */ = {isa = PBXBuildFile; fileRef = 18CB04111D1386E000076DBA /* LICENSE */; };
		18CB04161D1386E000076DBA /* README.md in Sources */ = {isa = PBXBuildFile; fileRef = 18CB04121D1386E000076DBA /* README.md */; };
		18CB043C1D13D19800076DBA /* GYHDChatViewController.m in Sources */ = {isa = PBXBuildFile; fileRef = 18CB043B1D13D19800076DBA /* GYHDChatViewController.m */; };
		18CB048E1D13DA0700076DBA /* GYHDEmojiModel.m in Sources */ = {isa = PBXBuildFile; fileRef = 18CB04451D13DA0700076DBA /* GYHDEmojiModel.m */; };
		18CB048F1D13DA0700076DBA /* GYHDPhotoModel.m in Sources */ = {isa = PBXBuildFile; fileRef = 18CB04471D13DA0700076DBA /* GYHDPhotoModel.m */; };
		18CB04901D13DA0700076DBA /* GYHDAudioView.m in Sources */ = {isa = PBXBuildFile; fileRef = 18CB044A1D13DA0700076DBA /* GYHDAudioView.m */; };
		18CB04911D13DA0700076DBA /* GYHDCameraShowView.m in Sources */ = {isa = PBXBuildFile; fileRef = 18CB044C1D13DA0700076DBA /* GYHDCameraShowView.m */; };
		18CB04921D13DA0700076DBA /* GYHDCameraView.m in Sources */ = {isa = PBXBuildFile; fileRef = 18CB044E1D13DA0700076DBA /* GYHDCameraView.m */; };
		18CB04931D13DA0700076DBA /* GYHDEmojiCell.m in Sources */ = {isa = PBXBuildFile; fileRef = 18CB04501D13DA0700076DBA /* GYHDEmojiCell.m */; };
		18CB04941D13DA0700076DBA /* GYHDEmojiView.m in Sources */ = {isa = PBXBuildFile; fileRef = 18CB04521D13DA0700076DBA /* GYHDEmojiView.m */; };
		18CB04951D13DA0700076DBA /* GYHDInputView.m in Sources */ = {isa = PBXBuildFile; fileRef = 18CB04541D13DA0700076DBA /* GYHDInputView.m */; };
		18CB04961D13DA0700076DBA /* GYHDKeyboardSelectBaseView.m in Sources */ = {isa = PBXBuildFile; fileRef = 18CB04561D13DA0700076DBA /* GYHDKeyboardSelectBaseView.m */; };
		18CB04971D13DA0700076DBA /* GYHDMessageTextView.m in Sources */ = {isa = PBXBuildFile; fileRef = 18CB04581D13DA0700076DBA /* GYHDMessageTextView.m */; };
		18CB04981D13DA0700076DBA /* GYHDPhotoCell.m in Sources */ = {isa = PBXBuildFile; fileRef = 18CB045A1D13DA0700076DBA /* GYHDPhotoCell.m */; };
		18CB04991D13DA0700076DBA /* GYHDPhotoShowView.m in Sources */ = {isa = PBXBuildFile; fileRef = 18CB045C1D13DA0700076DBA /* GYHDPhotoShowView.m */; };
		18CB049A1D13DA0700076DBA /* GYHDPhotoView.m in Sources */ = {isa = PBXBuildFile; fileRef = 18CB045E1D13DA0700076DBA /* GYHDPhotoView.m */; };
		18CB049B1D13DA0700076DBA /* GYHDPlayVideoView.m in Sources */ = {isa = PBXBuildFile; fileRef = 18CB04601D13DA0700076DBA /* GYHDPlayVideoView.m */; };
		18CB049C1D13DA0700076DBA /* GYHDQuickReplyView.m in Sources */ = {isa = PBXBuildFile; fileRef = 18CB04621D13DA0700076DBA /* GYHDQuickReplyView.m */; };
		18CB049D1D13DA0700076DBA /* GYHDVideoView.m in Sources */ = {isa = PBXBuildFile; fileRef = 18CB04641D13DA0700076DBA /* GYHDVideoView.m */; };
		18CB049E1D13DA0700076DBA /* GYHDNewChatModel.m in Sources */ = {isa = PBXBuildFile; fileRef = 18CB04671D13DA0700076DBA /* GYHDNewChatModel.m */; };
		18CB049F1D13DA0700076DBA /* EmojiTextAttachment.m in Sources */ = {isa = PBXBuildFile; fileRef = 18CB046A1D13DA0700076DBA /* EmojiTextAttachment.m */; };
		18CB04A01D13DA0700076DBA /* GYHDAudioTool.m in Sources */ = {isa = PBXBuildFile; fileRef = 18CB046C1D13DA0700076DBA /* GYHDAudioTool.m */; };
		18CB04A41D13DA0700076DBA /* GYHDRecordVideoTool.m in Sources */ = {isa = PBXBuildFile; fileRef = 18CB04741D13DA0700076DBA /* GYHDRecordVideoTool.m */; };
		18CB04A51D13DA0700076DBA /* GYHDBaseChatCell.m in Sources */ = {isa = PBXBuildFile; fileRef = 18CB04771D13DA0700076DBA /* GYHDBaseChatCell.m */; };
		18CB04A61D13DA0700076DBA /* GYHDChatImageShowView.m in Sources */ = {isa = PBXBuildFile; fileRef = 18CB047A1D13DA0700076DBA /* GYHDChatImageShowView.m */; };
		18CB04A71D13DA0700076DBA /* GYHDChatVideoShowView.m in Sources */ = {isa = PBXBuildFile; fileRef = 18CB047C1D13DA0700076DBA /* GYHDChatVideoShowView.m */; };
		18CB04A81D13DA0700076DBA /* GYHDLeftChatAudioCell.m in Sources */ = {isa = PBXBuildFile; fileRef = 18CB047E1D13DA0700076DBA /* GYHDLeftChatAudioCell.m */; };
		18CB04A91D13DA0700076DBA /* GYHDLeftChatImageCell.m in Sources */ = {isa = PBXBuildFile; fileRef = 18CB04801D13DA0700076DBA /* GYHDLeftChatImageCell.m */; };
		18CB04AA1D13DA0700076DBA /* GYHDLeftChatTextCell.m in Sources */ = {isa = PBXBuildFile; fileRef = 18CB04821D13DA0700076DBA /* GYHDLeftChatTextCell.m */; };
		18CB04AB1D13DA0700076DBA /* GYHDLeftChatVideoCell.m in Sources */ = {isa = PBXBuildFile; fileRef = 18CB04841D13DA0700076DBA /* GYHDLeftChatVideoCell.m */; };
		18CB04AC1D13DA0700076DBA /* GYHDRightChatAudioCell.m in Sources */ = {isa = PBXBuildFile; fileRef = 18CB04861D13DA0700076DBA /* GYHDRightChatAudioCell.m */; };
		18CB04AD1D13DA0700076DBA /* GYHDRightChatImageCell.m in Sources */ = {isa = PBXBuildFile; fileRef = 18CB04881D13DA0700076DBA /* GYHDRightChatImageCell.m */; };
		18CB04AE1D13DA0700076DBA /* GYHDRightChatTextCell.m in Sources */ = {isa = PBXBuildFile; fileRef = 18CB048A1D13DA0700076DBA /* GYHDRightChatTextCell.m */; };
		18CB04AF1D13DA0700076DBA /* GYHDRightChatVideoCell.m in Sources */ = {isa = PBXBuildFile; fileRef = 18CB048C1D13DA0700076DBA /* GYHDRightChatVideoCell.m */; };
		18CB04B51D13DB9300076DBA /* UIAlertView+Blocks.m in Sources */ = {isa = PBXBuildFile; fileRef = 18CB04B21D13DB9300076DBA /* UIAlertView+Blocks.m */; };
		18CB04B61D13DB9300076DBA /* UIColor+HEX.m in Sources */ = {isa = PBXBuildFile; fileRef = 18CB04B41D13DB9300076DBA /* UIColor+HEX.m */; };
		18CB04BB1D13E3FB00076DBA /* libmp3lame.a in Frameworks */ = {isa = PBXBuildFile; fileRef = 18CB04BA1D13E3FA00076DBA /* libmp3lame.a */; };
		18CB04BE1D13F7A500076DBA /* UIViewController+DismissKeyboard.m in Sources */ = {isa = PBXBuildFile; fileRef = 18CB04BD1D13F7A500076DBA /* UIViewController+DismissKeyboard.m */; };
		18CB04C31D13F7C200076DBA /* NSDate+Category.m in Sources */ = {isa = PBXBuildFile; fileRef = 18CB04C01D13F7C200076DBA /* NSDate+Category.m */; };
		18CB04C41D13F7C200076DBA /* NSDateFormatter+Category.m in Sources */ = {isa = PBXBuildFile; fileRef = 18CB04C21D13F7C200076DBA /* NSDateFormatter+Category.m */; };
		18CB04C71D13FA3700076DBA /* GYHDVoiceModel.m in Sources */ = {isa = PBXBuildFile; fileRef = 18CB04C61D13FA3700076DBA /* GYHDVoiceModel.m */; };
		18CB04CA1D13FA6100076DBA /* GYHDVideoModel.m in Sources */ = {isa = PBXBuildFile; fileRef = 18CB04C91D13FA6100076DBA /* GYHDVideoModel.m */; };
		18CC52F31D17A19E00B59628 /* NSString+dictionaryToJsonString.m in Sources */ = {isa = PBXBuildFile; fileRef = 18CC52F21D17A19E00B59628 /* NSString+dictionaryToJsonString.m */; };
		18E92A641D12469F0065147A /* LoginViewController.m in Sources */ = {isa = PBXBuildFile; fileRef = 18E92A621D12469F0065147A /* LoginViewController.m */; };
		18E92A651D12469F0065147A /* LoginViewController.xib in Resources */ = {isa = PBXBuildFile; fileRef = 18E92A631D12469F0065147A /* LoginViewController.xib */; };
		3D905A33E0153DD120C33C73 /* libPods.a in Frameworks */ = {isa = PBXBuildFile; fileRef = 5205B05BDC3E478BBBE69240 /* libPods.a */; };
		604357691D026B4600CF2228 /* main.m in Sources */ = {isa = PBXBuildFile; fileRef = 604357681D026B4600CF2228 /* main.m */; };
		6043576C1D026B4600CF2228 /* AppDelegate.m in Sources */ = {isa = PBXBuildFile; fileRef = 6043576B1D026B4600CF2228 /* AppDelegate.m */; };
		6043576F1D026B4600CF2228 /* MessageListViewController.m in Sources */ = {isa = PBXBuildFile; fileRef = 6043576E1D026B4600CF2228 /* MessageListViewController.m */; };
		604357741D026B4600CF2228 /* Assets.xcassets in Resources */ = {isa = PBXBuildFile; fileRef = 604357731D026B4600CF2228 /* Assets.xcassets */; };
		604357821D026B4600CF2228 /* GYXMPPUITests.m in Sources */ = {isa = PBXBuildFile; fileRef = 604357811D026B4600CF2228 /* GYXMPPUITests.m */; };
		6043578F1D027AD100CF2228 /* GYXMPP.m in Sources */ = {isa = PBXBuildFile; fileRef = 6043578E1D027AD100CF2228 /* GYXMPP.m */; };
		604357921D028ED900CF2228 /* GYXMPPTool.m in Sources */ = {isa = PBXBuildFile; fileRef = 604357911D028ED900CF2228 /* GYXMPPTool.m */; };
/* End PBXBuildFile section */

/* Begin PBXContainerItemProxy section */
		6043577E1D026B4600CF2228 /* PBXContainerItemProxy */ = {
			isa = PBXContainerItemProxy;
			containerPortal = 6043575C1D026B4600CF2228 /* Project object */;
			proxyType = 1;
			remoteGlobalIDString = 604357631D026B4600CF2228;
			remoteInfo = GYXMPP;
		};
/* End PBXContainerItemProxy section */

/* Begin PBXFileReference section */
		182FEEC71D1A65DE005768F1 /* M13ProgressView.h */ = {isa = PBXFileReference; fileEncoding = 4; lastKnownFileType = sourcecode.c.h; path = M13ProgressView.h; sourceTree = "<group>"; };
		182FEEC81D1A65DE005768F1 /* M13ProgressView.m */ = {isa = PBXFileReference; fileEncoding = 4; lastKnownFileType = sourcecode.c.objc; path = M13ProgressView.m; sourceTree = "<group>"; };
		182FEEC91D1A65DE005768F1 /* M13ProgressViewBar.h */ = {isa = PBXFileReference; fileEncoding = 4; lastKnownFileType = sourcecode.c.h; path = M13ProgressViewBar.h; sourceTree = "<group>"; };
		182FEECA1D1A65DE005768F1 /* M13ProgressViewBar.m */ = {isa = PBXFileReference; fileEncoding = 4; lastKnownFileType = sourcecode.c.objc; path = M13ProgressViewBar.m; sourceTree = "<group>"; };
		182FEECB1D1A65DE005768F1 /* M13ProgressViewBorderedBar.h */ = {isa = PBXFileReference; fileEncoding = 4; lastKnownFileType = sourcecode.c.h; path = M13ProgressViewBorderedBar.h; sourceTree = "<group>"; };
		182FEECC1D1A65DE005768F1 /* M13ProgressViewBorderedBar.m */ = {isa = PBXFileReference; fileEncoding = 4; lastKnownFileType = sourcecode.c.objc; path = M13ProgressViewBorderedBar.m; sourceTree = "<group>"; };
		182FEECD1D1A65DE005768F1 /* M13ProgressViewFilteredImage.h */ = {isa = PBXFileReference; fileEncoding = 4; lastKnownFileType = sourcecode.c.h; path = M13ProgressViewFilteredImage.h; sourceTree = "<group>"; };
		182FEECE1D1A65DE005768F1 /* M13ProgressViewFilteredImage.m */ = {isa = PBXFileReference; fileEncoding = 4; lastKnownFileType = sourcecode.c.objc; path = M13ProgressViewFilteredImage.m; sourceTree = "<group>"; };
		182FEECF1D1A65DE005768F1 /* M13ProgressViewImage.h */ = {isa = PBXFileReference; fileEncoding = 4; lastKnownFileType = sourcecode.c.h; path = M13ProgressViewImage.h; sourceTree = "<group>"; };
		182FEED01D1A65DE005768F1 /* M13ProgressViewImage.m */ = {isa = PBXFileReference; fileEncoding = 4; lastKnownFileType = sourcecode.c.objc; path = M13ProgressViewImage.m; sourceTree = "<group>"; };
		182FEED11D1A65DE005768F1 /* M13ProgressViewPie.h */ = {isa = PBXFileReference; fileEncoding = 4; lastKnownFileType = sourcecode.c.h; path = M13ProgressViewPie.h; sourceTree = "<group>"; };
		182FEED21D1A65DE005768F1 /* M13ProgressViewPie.m */ = {isa = PBXFileReference; fileEncoding = 4; lastKnownFileType = sourcecode.c.objc; path = M13ProgressViewPie.m; sourceTree = "<group>"; };
		182FEED31D1A65DE005768F1 /* M13ProgressViewRing.h */ = {isa = PBXFileReference; fileEncoding = 4; lastKnownFileType = sourcecode.c.h; path = M13ProgressViewRing.h; sourceTree = "<group>"; };
		182FEED41D1A65DE005768F1 /* M13ProgressViewRing.m */ = {isa = PBXFileReference; fileEncoding = 4; lastKnownFileType = sourcecode.c.objc; path = M13ProgressViewRing.m; sourceTree = "<group>"; };
		182FEED51D1A65DE005768F1 /* M13ProgressViewSegmentedBar.h */ = {isa = PBXFileReference; fileEncoding = 4; lastKnownFileType = sourcecode.c.h; path = M13ProgressViewSegmentedBar.h; sourceTree = "<group>"; };
		182FEED61D1A65DE005768F1 /* M13ProgressViewSegmentedBar.m */ = {isa = PBXFileReference; fileEncoding = 4; lastKnownFileType = sourcecode.c.objc; path = M13ProgressViewSegmentedBar.m; sourceTree = "<group>"; };
		182FEED71D1A65DE005768F1 /* M13ProgressViewSegmentedRing.h */ = {isa = PBXFileReference; fileEncoding = 4; lastKnownFileType = sourcecode.c.h; path = M13ProgressViewSegmentedRing.h; sourceTree = "<group>"; };
		182FEED81D1A65DE005768F1 /* M13ProgressViewSegmentedRing.m */ = {isa = PBXFileReference; fileEncoding = 4; lastKnownFileType = sourcecode.c.objc; path = M13ProgressViewSegmentedRing.m; sourceTree = "<group>"; };
		182FEED91D1A65DE005768F1 /* M13ProgressViewStripedBar.h */ = {isa = PBXFileReference; fileEncoding = 4; lastKnownFileType = sourcecode.c.h; path = M13ProgressViewStripedBar.h; sourceTree = "<group>"; };
		182FEEDA1D1A65DE005768F1 /* M13ProgressViewStripedBar.m */ = {isa = PBXFileReference; fileEncoding = 4; lastKnownFileType = sourcecode.c.objc; path = M13ProgressViewStripedBar.m; sourceTree = "<group>"; };
		182FEEE61D1A65E2005768F1 /* M13ProgressHUD.h */ = {isa = PBXFileReference; fileEncoding = 4; lastKnownFileType = sourcecode.c.h; path = M13ProgressHUD.h; sourceTree = "<group>"; };
		182FEEE71D1A65E2005768F1 /* M13ProgressHUD.m */ = {isa = PBXFileReference; fileEncoding = 4; lastKnownFileType = sourcecode.c.objc; path = M13ProgressHUD.m; sourceTree = "<group>"; };
		182FEEE81D1A65E2005768F1 /* UIImage+ImageEffects.h */ = {isa = PBXFileReference; fileEncoding = 4; lastKnownFileType = sourcecode.c.h; path = "UIImage+ImageEffects.h"; sourceTree = "<group>"; };
		182FEEE91D1A65E2005768F1 /* UIImage+ImageEffects.m */ = {isa = PBXFileReference; fileEncoding = 4; lastKnownFileType = sourcecode.c.objc; path = "UIImage+ImageEffects.m"; sourceTree = "<group>"; };
		182FEF331D1A738B005768F1 /* PPDragDropBadgeView.bundle */ = {isa = PBXFileReference; lastKnownFileType = "wrapper.plug-in"; path = PPDragDropBadgeView.bundle; sourceTree = "<group>"; };
		182FEF341D1A738B005768F1 /* PPDragDropBadgeView.h */ = {isa = PBXFileReference; fileEncoding = 4; lastKnownFileType = sourcecode.c.h; path = PPDragDropBadgeView.h; sourceTree = "<group>"; };
		182FEF351D1A738B005768F1 /* PPDragDropBadgeView.m */ = {isa = PBXFileReference; fileEncoding = 4; lastKnownFileType = sourcecode.c.objc; path = PPDragDropBadgeView.m; sourceTree = "<group>"; };
		182FEF371D1A738B005768F1 /* PRTween.h */ = {isa = PBXFileReference; fileEncoding = 4; lastKnownFileType = sourcecode.c.h; path = PRTween.h; sourceTree = "<group>"; };
		182FEF381D1A738B005768F1 /* PRTween.m */ = {isa = PBXFileReference; fileEncoding = 4; lastKnownFileType = sourcecode.c.objc; path = PRTween.m; sourceTree = "<group>"; };
		182FEF391D1A738B005768F1 /* PRTweenTimingFunctions.h */ = {isa = PBXFileReference; fileEncoding = 4; lastKnownFileType = sourcecode.c.h; path = PRTweenTimingFunctions.h; sourceTree = "<group>"; };
		182FEF3A1D1A738B005768F1 /* PRTweenTimingFunctions.m */ = {isa = PBXFileReference; fileEncoding = 4; lastKnownFileType = sourcecode.c.objc; path = PRTweenTimingFunctions.m; sourceTree = "<group>"; };
		189C75AA1D0FB14500FCEC31 /* GYMessage.h */ = {isa = PBXFileReference; fileEncoding = 4; lastKnownFileType = sourcecode.c.h; path = GYMessage.h; sourceTree = "<group>"; };
		189C75AB1D0FB14500FCEC31 /* GYMessage.m */ = {isa = PBXFileReference; fileEncoding = 4; lastKnownFileType = sourcecode.c.objc; path = GYMessage.m; sourceTree = "<group>"; };
		189C75BA1D0FDED000FCEC31 /* GYMessengeExtendElement.h */ = {isa = PBXFileReference; fileEncoding = 4; lastKnownFileType = sourcecode.c.h; path = GYMessengeExtendElement.h; sourceTree = "<group>"; };
		189C75BB1D0FDED000FCEC31 /* GYMessengeExtendElement.m */ = {isa = PBXFileReference; fileEncoding = 4; lastKnownFileType = sourcecode.c.objc; path = GYMessengeExtendElement.m; sourceTree = "<group>"; };
		189C75BD1D0FDF3E00FCEC31 /* GYGenUUID.h */ = {isa = PBXFileReference; fileEncoding = 4; lastKnownFileType = sourcecode.c.h; path = GYGenUUID.h; sourceTree = "<group>"; };
		189C75BE1D0FDF3E00FCEC31 /* GYGenUUID.m */ = {isa = PBXFileReference; fileEncoding = 4; lastKnownFileType = sourcecode.c.objc; path = GYGenUUID.m; sourceTree = "<group>"; };
		189C75C01D0FF97900FCEC31 /* Default-568h@2x.png */ = {isa = PBXFileReference; lastKnownFileType = image.png; path = "Default-568h@2x.png"; sourceTree = "<group>"; };
		189C75C21D0FFB1D00FCEC31 /* MessageListCell.h */ = {isa = PBXFileReference; fileEncoding = 4; lastKnownFileType = sourcecode.c.h; path = MessageListCell.h; sourceTree = "<group>"; };
		189C75C31D0FFB1D00FCEC31 /* MessageListCell.m */ = {isa = PBXFileReference; fileEncoding = 4; lastKnownFileType = sourcecode.c.objc; path = MessageListCell.m; sourceTree = "<group>"; };
		18CB040D1D1386E000076DBA /* GYFMDB.h */ = {isa = PBXFileReference; fileEncoding = 4; lastKnownFileType = sourcecode.c.h; path = GYFMDB.h; sourceTree = "<group>"; };
		18CB040E1D1386E000076DBA /* GYFMDB.m */ = {isa = PBXFileReference; fileEncoding = 4; lastKnownFileType = sourcecode.c.objc; path = GYFMDB.m; sourceTree = "<group>"; };
		18CB040F1D1386E000076DBA /* NSObject+GYFMDB.h */ = {isa = PBXFileReference; fileEncoding = 4; lastKnownFileType = sourcecode.c.h; path = "NSObject+GYFMDB.h"; sourceTree = "<group>"; };
		18CB04101D1386E000076DBA /* NSObject+GYFMDB.m */ = {isa = PBXFileReference; fileEncoding = 4; lastKnownFileType = sourcecode.c.objc; path = "NSObject+GYFMDB.m"; sourceTree = "<group>"; };
		18CB04111D1386E000076DBA /* LICENSE */ = {isa = PBXFileReference; fileEncoding = 4; lastKnownFileType = text; path = LICENSE; sourceTree = "<group>"; };
		18CB04121D1386E000076DBA /* README.md */ = {isa = PBXFileReference; fileEncoding = 4; lastKnownFileType = net.daringfireball.markdown; path = README.md; sourceTree = "<group>"; };
		18CB043A1D13D19800076DBA /* GYHDChatViewController.h */ = {isa = PBXFileReference; fileEncoding = 4; lastKnownFileType = sourcecode.c.h; path = GYHDChatViewController.h; sourceTree = "<group>"; };
		18CB043B1D13D19800076DBA /* GYHDChatViewController.m */ = {isa = PBXFileReference; fileEncoding = 4; lastKnownFileType = sourcecode.c.objc; path = GYHDChatViewController.m; sourceTree = "<group>"; };
		18CB043D1D13D40900076DBA /* PrefixHeader.pch */ = {isa = PBXFileReference; fileEncoding = 4; lastKnownFileType = sourcecode.c.h; path = PrefixHeader.pch; sourceTree = "<group>"; };
		18CB04441D13DA0700076DBA /* GYHDEmojiModel.h */ = {isa = PBXFileReference; fileEncoding = 4; lastKnownFileType = sourcecode.c.h; path = GYHDEmojiModel.h; sourceTree = "<group>"; };
		18CB04451D13DA0700076DBA /* GYHDEmojiModel.m */ = {isa = PBXFileReference; fileEncoding = 4; lastKnownFileType = sourcecode.c.objc; path = GYHDEmojiModel.m; sourceTree = "<group>"; };
		18CB04461D13DA0700076DBA /* GYHDPhotoModel.h */ = {isa = PBXFileReference; fileEncoding = 4; lastKnownFileType = sourcecode.c.h; path = GYHDPhotoModel.h; sourceTree = "<group>"; };
		18CB04471D13DA0700076DBA /* GYHDPhotoModel.m */ = {isa = PBXFileReference; fileEncoding = 4; lastKnownFileType = sourcecode.c.objc; path = GYHDPhotoModel.m; sourceTree = "<group>"; };
		18CB04491D13DA0700076DBA /* GYHDAudioView.h */ = {isa = PBXFileReference; fileEncoding = 4; lastKnownFileType = sourcecode.c.h; path = GYHDAudioView.h; sourceTree = "<group>"; };
		18CB044A1D13DA0700076DBA /* GYHDAudioView.m */ = {isa = PBXFileReference; fileEncoding = 4; lastKnownFileType = sourcecode.c.objc; path = GYHDAudioView.m; sourceTree = "<group>"; };
		18CB044B1D13DA0700076DBA /* GYHDCameraShowView.h */ = {isa = PBXFileReference; fileEncoding = 4; lastKnownFileType = sourcecode.c.h; path = GYHDCameraShowView.h; sourceTree = "<group>"; };
		18CB044C1D13DA0700076DBA /* GYHDCameraShowView.m */ = {isa = PBXFileReference; fileEncoding = 4; lastKnownFileType = sourcecode.c.objc; path = GYHDCameraShowView.m; sourceTree = "<group>"; };
		18CB044D1D13DA0700076DBA /* GYHDCameraView.h */ = {isa = PBXFileReference; fileEncoding = 4; lastKnownFileType = sourcecode.c.h; path = GYHDCameraView.h; sourceTree = "<group>"; };
		18CB044E1D13DA0700076DBA /* GYHDCameraView.m */ = {isa = PBXFileReference; fileEncoding = 4; lastKnownFileType = sourcecode.c.objc; path = GYHDCameraView.m; sourceTree = "<group>"; };
		18CB044F1D13DA0700076DBA /* GYHDEmojiCell.h */ = {isa = PBXFileReference; fileEncoding = 4; lastKnownFileType = sourcecode.c.h; path = GYHDEmojiCell.h; sourceTree = "<group>"; };
		18CB04501D13DA0700076DBA /* GYHDEmojiCell.m */ = {isa = PBXFileReference; fileEncoding = 4; lastKnownFileType = sourcecode.c.objc; path = GYHDEmojiCell.m; sourceTree = "<group>"; };
		18CB04511D13DA0700076DBA /* GYHDEmojiView.h */ = {isa = PBXFileReference; fileEncoding = 4; lastKnownFileType = sourcecode.c.h; path = GYHDEmojiView.h; sourceTree = "<group>"; };
		18CB04521D13DA0700076DBA /* GYHDEmojiView.m */ = {isa = PBXFileReference; fileEncoding = 4; lastKnownFileType = sourcecode.c.objc; path = GYHDEmojiView.m; sourceTree = "<group>"; };
		18CB04531D13DA0700076DBA /* GYHDInputView.h */ = {isa = PBXFileReference; fileEncoding = 4; lastKnownFileType = sourcecode.c.h; path = GYHDInputView.h; sourceTree = "<group>"; };
		18CB04541D13DA0700076DBA /* GYHDInputView.m */ = {isa = PBXFileReference; fileEncoding = 4; lastKnownFileType = sourcecode.c.objc; path = GYHDInputView.m; sourceTree = "<group>"; };
		18CB04551D13DA0700076DBA /* GYHDKeyboardSelectBaseView.h */ = {isa = PBXFileReference; fileEncoding = 4; lastKnownFileType = sourcecode.c.h; path = GYHDKeyboardSelectBaseView.h; sourceTree = "<group>"; };
		18CB04561D13DA0700076DBA /* GYHDKeyboardSelectBaseView.m */ = {isa = PBXFileReference; fileEncoding = 4; lastKnownFileType = sourcecode.c.objc; path = GYHDKeyboardSelectBaseView.m; sourceTree = "<group>"; };
		18CB04571D13DA0700076DBA /* GYHDMessageTextView.h */ = {isa = PBXFileReference; fileEncoding = 4; lastKnownFileType = sourcecode.c.h; path = GYHDMessageTextView.h; sourceTree = "<group>"; };
		18CB04581D13DA0700076DBA /* GYHDMessageTextView.m */ = {isa = PBXFileReference; fileEncoding = 4; lastKnownFileType = sourcecode.c.objc; path = GYHDMessageTextView.m; sourceTree = "<group>"; };
		18CB04591D13DA0700076DBA /* GYHDPhotoCell.h */ = {isa = PBXFileReference; fileEncoding = 4; lastKnownFileType = sourcecode.c.h; path = GYHDPhotoCell.h; sourceTree = "<group>"; };
		18CB045A1D13DA0700076DBA /* GYHDPhotoCell.m */ = {isa = PBXFileReference; fileEncoding = 4; lastKnownFileType = sourcecode.c.objc; path = GYHDPhotoCell.m; sourceTree = "<group>"; };
		18CB045B1D13DA0700076DBA /* GYHDPhotoShowView.h */ = {isa = PBXFileReference; fileEncoding = 4; lastKnownFileType = sourcecode.c.h; path = GYHDPhotoShowView.h; sourceTree = "<group>"; };
		18CB045C1D13DA0700076DBA /* GYHDPhotoShowView.m */ = {isa = PBXFileReference; fileEncoding = 4; lastKnownFileType = sourcecode.c.objc; path = GYHDPhotoShowView.m; sourceTree = "<group>"; };
		18CB045D1D13DA0700076DBA /* GYHDPhotoView.h */ = {isa = PBXFileReference; fileEncoding = 4; lastKnownFileType = sourcecode.c.h; path = GYHDPhotoView.h; sourceTree = "<group>"; };
		18CB045E1D13DA0700076DBA /* GYHDPhotoView.m */ = {isa = PBXFileReference; fileEncoding = 4; lastKnownFileType = sourcecode.c.objc; path = GYHDPhotoView.m; sourceTree = "<group>"; };
		18CB045F1D13DA0700076DBA /* GYHDPlayVideoView.h */ = {isa = PBXFileReference; fileEncoding = 4; lastKnownFileType = sourcecode.c.h; path = GYHDPlayVideoView.h; sourceTree = "<group>"; };
		18CB04601D13DA0700076DBA /* GYHDPlayVideoView.m */ = {isa = PBXFileReference; fileEncoding = 4; lastKnownFileType = sourcecode.c.objc; path = GYHDPlayVideoView.m; sourceTree = "<group>"; };
		18CB04611D13DA0700076DBA /* GYHDQuickReplyView.h */ = {isa = PBXFileReference; fileEncoding = 4; lastKnownFileType = sourcecode.c.h; path = GYHDQuickReplyView.h; sourceTree = "<group>"; };
		18CB04621D13DA0700076DBA /* GYHDQuickReplyView.m */ = {isa = PBXFileReference; fileEncoding = 4; lastKnownFileType = sourcecode.c.objc; path = GYHDQuickReplyView.m; sourceTree = "<group>"; };
		18CB04631D13DA0700076DBA /* GYHDVideoView.h */ = {isa = PBXFileReference; fileEncoding = 4; lastKnownFileType = sourcecode.c.h; path = GYHDVideoView.h; sourceTree = "<group>"; };
		18CB04641D13DA0700076DBA /* GYHDVideoView.m */ = {isa = PBXFileReference; fileEncoding = 4; lastKnownFileType = sourcecode.c.objc; path = GYHDVideoView.m; sourceTree = "<group>"; };
		18CB04661D13DA0700076DBA /* GYHDNewChatModel.h */ = {isa = PBXFileReference; fileEncoding = 4; lastKnownFileType = sourcecode.c.h; path = GYHDNewChatModel.h; sourceTree = "<group>"; };
		18CB04671D13DA0700076DBA /* GYHDNewChatModel.m */ = {isa = PBXFileReference; fileEncoding = 4; lastKnownFileType = sourcecode.c.objc; path = GYHDNewChatModel.m; sourceTree = "<group>"; };
		18CB04691D13DA0700076DBA /* EmojiTextAttachment.h */ = {isa = PBXFileReference; fileEncoding = 4; lastKnownFileType = sourcecode.c.h; path = EmojiTextAttachment.h; sourceTree = "<group>"; };
		18CB046A1D13DA0700076DBA /* EmojiTextAttachment.m */ = {isa = PBXFileReference; fileEncoding = 4; lastKnownFileType = sourcecode.c.objc; path = EmojiTextAttachment.m; sourceTree = "<group>"; };
		18CB046B1D13DA0700076DBA /* GYHDAudioTool.h */ = {isa = PBXFileReference; fileEncoding = 4; lastKnownFileType = sourcecode.c.h; path = GYHDAudioTool.h; sourceTree = "<group>"; };
		18CB046C1D13DA0700076DBA /* GYHDAudioTool.m */ = {isa = PBXFileReference; fileEncoding = 4; lastKnownFileType = sourcecode.c.objc; path = GYHDAudioTool.m; sourceTree = "<group>"; };
		18CB04731D13DA0700076DBA /* GYHDRecordVideoTool.h */ = {isa = PBXFileReference; fileEncoding = 4; lastKnownFileType = sourcecode.c.h; path = GYHDRecordVideoTool.h; sourceTree = "<group>"; };
		18CB04741D13DA0700076DBA /* GYHDRecordVideoTool.m */ = {isa = PBXFileReference; fileEncoding = 4; lastKnownFileType = sourcecode.c.objc; path = GYHDRecordVideoTool.m; sourceTree = "<group>"; };
		18CB04761D13DA0700076DBA /* GYHDBaseChatCell.h */ = {isa = PBXFileReference; fileEncoding = 4; lastKnownFileType = sourcecode.c.h; path = GYHDBaseChatCell.h; sourceTree = "<group>"; };
		18CB04771D13DA0700076DBA /* GYHDBaseChatCell.m */ = {isa = PBXFileReference; fileEncoding = 4; lastKnownFileType = sourcecode.c.objc; path = GYHDBaseChatCell.m; sourceTree = "<group>"; };
		18CB04781D13DA0700076DBA /* GYHDChatDelegate.h */ = {isa = PBXFileReference; fileEncoding = 4; lastKnownFileType = sourcecode.c.h; path = GYHDChatDelegate.h; sourceTree = "<group>"; };
		18CB04791D13DA0700076DBA /* GYHDChatImageShowView.h */ = {isa = PBXFileReference; fileEncoding = 4; lastKnownFileType = sourcecode.c.h; path = GYHDChatImageShowView.h; sourceTree = "<group>"; };
		18CB047A1D13DA0700076DBA /* GYHDChatImageShowView.m */ = {isa = PBXFileReference; fileEncoding = 4; lastKnownFileType = sourcecode.c.objc; path = GYHDChatImageShowView.m; sourceTree = "<group>"; };
		18CB047B1D13DA0700076DBA /* GYHDChatVideoShowView.h */ = {isa = PBXFileReference; fileEncoding = 4; lastKnownFileType = sourcecode.c.h; path = GYHDChatVideoShowView.h; sourceTree = "<group>"; };
		18CB047C1D13DA0700076DBA /* GYHDChatVideoShowView.m */ = {isa = PBXFileReference; fileEncoding = 4; lastKnownFileType = sourcecode.c.objc; path = GYHDChatVideoShowView.m; sourceTree = "<group>"; };
		18CB047D1D13DA0700076DBA /* GYHDLeftChatAudioCell.h */ = {isa = PBXFileReference; fileEncoding = 4; lastKnownFileType = sourcecode.c.h; path = GYHDLeftChatAudioCell.h; sourceTree = "<group>"; };
		18CB047E1D13DA0700076DBA /* GYHDLeftChatAudioCell.m */ = {isa = PBXFileReference; fileEncoding = 4; lastKnownFileType = sourcecode.c.objc; path = GYHDLeftChatAudioCell.m; sourceTree = "<group>"; };
		18CB047F1D13DA0700076DBA /* GYHDLeftChatImageCell.h */ = {isa = PBXFileReference; fileEncoding = 4; lastKnownFileType = sourcecode.c.h; path = GYHDLeftChatImageCell.h; sourceTree = "<group>"; };
		18CB04801D13DA0700076DBA /* GYHDLeftChatImageCell.m */ = {isa = PBXFileReference; fileEncoding = 4; lastKnownFileType = sourcecode.c.objc; path = GYHDLeftChatImageCell.m; sourceTree = "<group>"; };
		18CB04811D13DA0700076DBA /* GYHDLeftChatTextCell.h */ = {isa = PBXFileReference; fileEncoding = 4; lastKnownFileType = sourcecode.c.h; path = GYHDLeftChatTextCell.h; sourceTree = "<group>"; };
		18CB04821D13DA0700076DBA /* GYHDLeftChatTextCell.m */ = {isa = PBXFileReference; fileEncoding = 4; lastKnownFileType = sourcecode.c.objc; path = GYHDLeftChatTextCell.m; sourceTree = "<group>"; };
		18CB04831D13DA0700076DBA /* GYHDLeftChatVideoCell.h */ = {isa = PBXFileReference; fileEncoding = 4; lastKnownFileType = sourcecode.c.h; path = GYHDLeftChatVideoCell.h; sourceTree = "<group>"; };
		18CB04841D13DA0700076DBA /* GYHDLeftChatVideoCell.m */ = {isa = PBXFileReference; fileEncoding = 4; lastKnownFileType = sourcecode.c.objc; path = GYHDLeftChatVideoCell.m; sourceTree = "<group>"; };
		18CB04851D13DA0700076DBA /* GYHDRightChatAudioCell.h */ = {isa = PBXFileReference; fileEncoding = 4; lastKnownFileType = sourcecode.c.h; path = GYHDRightChatAudioCell.h; sourceTree = "<group>"; };
		18CB04861D13DA0700076DBA /* GYHDRightChatAudioCell.m */ = {isa = PBXFileReference; fileEncoding = 4; lastKnownFileType = sourcecode.c.objc; path = GYHDRightChatAudioCell.m; sourceTree = "<group>"; };
		18CB04871D13DA0700076DBA /* GYHDRightChatImageCell.h */ = {isa = PBXFileReference; fileEncoding = 4; lastKnownFileType = sourcecode.c.h; path = GYHDRightChatImageCell.h; sourceTree = "<group>"; };
		18CB04881D13DA0700076DBA /* GYHDRightChatImageCell.m */ = {isa = PBXFileReference; fileEncoding = 4; lastKnownFileType = sourcecode.c.objc; path = GYHDRightChatImageCell.m; sourceTree = "<group>"; };
		18CB04891D13DA0700076DBA /* GYHDRightChatTextCell.h */ = {isa = PBXFileReference; fileEncoding = 4; lastKnownFileType = sourcecode.c.h; path = GYHDRightChatTextCell.h; sourceTree = "<group>"; };
		18CB048A1D13DA0700076DBA /* GYHDRightChatTextCell.m */ = {isa = PBXFileReference; fileEncoding = 4; lastKnownFileType = sourcecode.c.objc; path = GYHDRightChatTextCell.m; sourceTree = "<group>"; };
		18CB048B1D13DA0700076DBA /* GYHDRightChatVideoCell.h */ = {isa = PBXFileReference; fileEncoding = 4; lastKnownFileType = sourcecode.c.h; path = GYHDRightChatVideoCell.h; sourceTree = "<group>"; };
		18CB048C1D13DA0700076DBA /* GYHDRightChatVideoCell.m */ = {isa = PBXFileReference; fileEncoding = 4; lastKnownFileType = sourcecode.c.objc; path = GYHDRightChatVideoCell.m; sourceTree = "<group>"; };
		18CB04B11D13DB9300076DBA /* UIAlertView+Blocks.h */ = {isa = PBXFileReference; fileEncoding = 4; lastKnownFileType = sourcecode.c.h; path = "UIAlertView+Blocks.h"; sourceTree = "<group>"; };
		18CB04B21D13DB9300076DBA /* UIAlertView+Blocks.m */ = {isa = PBXFileReference; fileEncoding = 4; lastKnownFileType = sourcecode.c.objc; path = "UIAlertView+Blocks.m"; sourceTree = "<group>"; };
		18CB04B31D13DB9300076DBA /* UIColor+HEX.h */ = {isa = PBXFileReference; fileEncoding = 4; lastKnownFileType = sourcecode.c.h; path = "UIColor+HEX.h"; sourceTree = "<group>"; };
		18CB04B41D13DB9300076DBA /* UIColor+HEX.m */ = {isa = PBXFileReference; fileEncoding = 4; lastKnownFileType = sourcecode.c.objc; path = "UIColor+HEX.m"; sourceTree = "<group>"; };
		18CB04B91D13E3FA00076DBA /* lame.h */ = {isa = PBXFileReference; fileEncoding = 4; lastKnownFileType = sourcecode.c.h; path = lame.h; sourceTree = "<group>"; };
		18CB04BA1D13E3FA00076DBA /* libmp3lame.a */ = {isa = PBXFileReference; lastKnownFileType = archive.ar; path = libmp3lame.a; sourceTree = "<group>"; };
		18CB04BC1D13F7A500076DBA /* UIViewController+DismissKeyboard.h */ = {isa = PBXFileReference; fileEncoding = 4; lastKnownFileType = sourcecode.c.h; path = "UIViewController+DismissKeyboard.h"; sourceTree = "<group>"; };
		18CB04BD1D13F7A500076DBA /* UIViewController+DismissKeyboard.m */ = {isa = PBXFileReference; fileEncoding = 4; lastKnownFileType = sourcecode.c.objc; path = "UIViewController+DismissKeyboard.m"; sourceTree = "<group>"; };
		18CB04BF1D13F7C200076DBA /* NSDate+Category.h */ = {isa = PBXFileReference; fileEncoding = 4; lastKnownFileType = sourcecode.c.h; path = "NSDate+Category.h"; sourceTree = "<group>"; };
		18CB04C01D13F7C200076DBA /* NSDate+Category.m */ = {isa = PBXFileReference; fileEncoding = 4; lastKnownFileType = sourcecode.c.objc; path = "NSDate+Category.m"; sourceTree = "<group>"; };
		18CB04C11D13F7C200076DBA /* NSDateFormatter+Category.h */ = {isa = PBXFileReference; fileEncoding = 4; lastKnownFileType = sourcecode.c.h; path = "NSDateFormatter+Category.h"; sourceTree = "<group>"; };
		18CB04C21D13F7C200076DBA /* NSDateFormatter+Category.m */ = {isa = PBXFileReference; fileEncoding = 4; lastKnownFileType = sourcecode.c.objc; path = "NSDateFormatter+Category.m"; sourceTree = "<group>"; };
		18CB04C51D13FA3700076DBA /* GYHDVoiceModel.h */ = {isa = PBXFileReference; fileEncoding = 4; lastKnownFileType = sourcecode.c.h; path = GYHDVoiceModel.h; sourceTree = "<group>"; };
		18CB04C61D13FA3700076DBA /* GYHDVoiceModel.m */ = {isa = PBXFileReference; fileEncoding = 4; lastKnownFileType = sourcecode.c.objc; path = GYHDVoiceModel.m; sourceTree = "<group>"; };
		18CB04C81D13FA6100076DBA /* GYHDVideoModel.h */ = {isa = PBXFileReference; fileEncoding = 4; lastKnownFileType = sourcecode.c.h; path = GYHDVideoModel.h; sourceTree = "<group>"; };
		18CB04C91D13FA6100076DBA /* GYHDVideoModel.m */ = {isa = PBXFileReference; fileEncoding = 4; lastKnownFileType = sourcecode.c.objc; path = GYHDVideoModel.m; sourceTree = "<group>"; };
		18CC52F11D17A19E00B59628 /* NSString+dictionaryToJsonString.h */ = {isa = PBXFileReference; fileEncoding = 4; lastKnownFileType = sourcecode.c.h; path = "NSString+dictionaryToJsonString.h"; sourceTree = "<group>"; };
		18CC52F21D17A19E00B59628 /* NSString+dictionaryToJsonString.m */ = {isa = PBXFileReference; fileEncoding = 4; lastKnownFileType = sourcecode.c.objc; path = "NSString+dictionaryToJsonString.m"; sourceTree = "<group>"; };
		18E92A611D12469F0065147A /* LoginViewController.h */ = {isa = PBXFileReference; fileEncoding = 4; lastKnownFileType = sourcecode.c.h; path = LoginViewController.h; sourceTree = "<group>"; };
		18E92A621D12469F0065147A /* LoginViewController.m */ = {isa = PBXFileReference; fileEncoding = 4; lastKnownFileType = sourcecode.c.objc; path = LoginViewController.m; sourceTree = "<group>"; };
		18E92A631D12469F0065147A /* LoginViewController.xib */ = {isa = PBXFileReference; fileEncoding = 4; lastKnownFileType = file.xib; path = LoginViewController.xib; sourceTree = "<group>"; };
		207A870B5368F32B0EACE0E8 /* Pods.debug.xcconfig */ = {isa = PBXFileReference; includeInIndex = 1; lastKnownFileType = text.xcconfig; name = Pods.debug.xcconfig; path = "Pods/Target Support Files/Pods/Pods.debug.xcconfig"; sourceTree = "<group>"; };
		5205B05BDC3E478BBBE69240 /* libPods.a */ = {isa = PBXFileReference; explicitFileType = archive.ar; includeInIndex = 0; path = libPods.a; sourceTree = BUILT_PRODUCTS_DIR; };
		604357641D026B4600CF2228 /* GYXMPP.app */ = {isa = PBXFileReference; explicitFileType = wrapper.application; includeInIndex = 0; path = GYXMPP.app; sourceTree = BUILT_PRODUCTS_DIR; };
		604357681D026B4600CF2228 /* main.m */ = {isa = PBXFileReference; lastKnownFileType = sourcecode.c.objc; path = main.m; sourceTree = "<group>"; };
		6043576A1D026B4600CF2228 /* AppDelegate.h */ = {isa = PBXFileReference; lastKnownFileType = sourcecode.c.h; path = AppDelegate.h; sourceTree = "<group>"; };
		6043576B1D026B4600CF2228 /* AppDelegate.m */ = {isa = PBXFileReference; lastKnownFileType = sourcecode.c.objc; path = AppDelegate.m; sourceTree = "<group>"; };
		6043576D1D026B4600CF2228 /* MessageListViewController.h */ = {isa = PBXFileReference; lastKnownFileType = sourcecode.c.h; path = MessageListViewController.h; sourceTree = "<group>"; };
		6043576E1D026B4600CF2228 /* MessageListViewController.m */ = {isa = PBXFileReference; lastKnownFileType = sourcecode.c.objc; path = MessageListViewController.m; sourceTree = "<group>"; };
		604357731D026B4600CF2228 /* Assets.xcassets */ = {isa = PBXFileReference; lastKnownFileType = folder.assetcatalog; path = Assets.xcassets; sourceTree = "<group>"; };
		604357781D026B4600CF2228 /* Info.plist */ = {isa = PBXFileReference; lastKnownFileType = text.plist.xml; path = Info.plist; sourceTree = "<group>"; };
		6043577D1D026B4600CF2228 /* GYXMPPUITests.xctest */ = {isa = PBXFileReference; explicitFileType = wrapper.cfbundle; includeInIndex = 0; path = GYXMPPUITests.xctest; sourceTree = BUILT_PRODUCTS_DIR; };
		604357811D026B4600CF2228 /* GYXMPPUITests.m */ = {isa = PBXFileReference; lastKnownFileType = sourcecode.c.objc; path = GYXMPPUITests.m; sourceTree = "<group>"; };
		604357831D026B4600CF2228 /* Info.plist */ = {isa = PBXFileReference; lastKnownFileType = text.plist.xml; path = Info.plist; sourceTree = "<group>"; };
		6043578D1D027AD100CF2228 /* GYXMPP.h */ = {isa = PBXFileReference; fileEncoding = 4; lastKnownFileType = sourcecode.c.h; path = GYXMPP.h; sourceTree = "<group>"; };
		6043578E1D027AD100CF2228 /* GYXMPP.m */ = {isa = PBXFileReference; fileEncoding = 4; lastKnownFileType = sourcecode.c.objc; path = GYXMPP.m; sourceTree = "<group>"; };
		604357901D028ED900CF2228 /* GYXMPPTool.h */ = {isa = PBXFileReference; fileEncoding = 4; lastKnownFileType = sourcecode.c.h; path = GYXMPPTool.h; sourceTree = "<group>"; };
		604357911D028ED900CF2228 /* GYXMPPTool.m */ = {isa = PBXFileReference; fileEncoding = 4; lastKnownFileType = sourcecode.c.objc; path = GYXMPPTool.m; sourceTree = "<group>"; };
		F96369142F567A2A9EFBFFAE /* Pods.release.xcconfig */ = {isa = PBXFileReference; includeInIndex = 1; lastKnownFileType = text.xcconfig; name = Pods.release.xcconfig; path = "Pods/Target Support Files/Pods/Pods.release.xcconfig"; sourceTree = "<group>"; };
/* End PBXFileReference section */

/* Begin PBXFrameworksBuildPhase section */
		604357611D026B4600CF2228 /* Frameworks */ = {
			isa = PBXFrameworksBuildPhase;
			buildActionMask = 2147483647;
			files = (
				3D905A33E0153DD120C33C73 /* libPods.a in Frameworks */,
				18CB04BB1D13E3FB00076DBA /* libmp3lame.a in Frameworks */,
			);
			runOnlyForDeploymentPostprocessing = 0;
		};
		6043577A1D026B4600CF2228 /* Frameworks */ = {
			isa = PBXFrameworksBuildPhase;
			buildActionMask = 2147483647;
			files = (
			);
			runOnlyForDeploymentPostprocessing = 0;
		};
/* End PBXFrameworksBuildPhase section */

/* Begin PBXGroup section */
		182FEEC61D1A65DE005768F1 /* ProgressViews */ = {
			isa = PBXGroup;
			children = (
				182FEEC71D1A65DE005768F1 /* M13ProgressView.h */,
				182FEEC81D1A65DE005768F1 /* M13ProgressView.m */,
				182FEEC91D1A65DE005768F1 /* M13ProgressViewBar.h */,
				182FEECA1D1A65DE005768F1 /* M13ProgressViewBar.m */,
				182FEECB1D1A65DE005768F1 /* M13ProgressViewBorderedBar.h */,
				182FEECC1D1A65DE005768F1 /* M13ProgressViewBorderedBar.m */,
				182FEECD1D1A65DE005768F1 /* M13ProgressViewFilteredImage.h */,
				182FEECE1D1A65DE005768F1 /* M13ProgressViewFilteredImage.m */,
				182FEECF1D1A65DE005768F1 /* M13ProgressViewImage.h */,
				182FEED01D1A65DE005768F1 /* M13ProgressViewImage.m */,
				182FEED11D1A65DE005768F1 /* M13ProgressViewPie.h */,
				182FEED21D1A65DE005768F1 /* M13ProgressViewPie.m */,
				182FEED31D1A65DE005768F1 /* M13ProgressViewRing.h */,
				182FEED41D1A65DE005768F1 /* M13ProgressViewRing.m */,
				182FEED51D1A65DE005768F1 /* M13ProgressViewSegmentedBar.h */,
				182FEED61D1A65DE005768F1 /* M13ProgressViewSegmentedBar.m */,
				182FEED71D1A65DE005768F1 /* M13ProgressViewSegmentedRing.h */,
				182FEED81D1A65DE005768F1 /* M13ProgressViewSegmentedRing.m */,
				182FEED91D1A65DE005768F1 /* M13ProgressViewStripedBar.h */,
				182FEEDA1D1A65DE005768F1 /* M13ProgressViewStripedBar.m */,
			);
			path = ProgressViews;
			sourceTree = "<group>";
		};
		182FEEE51D1A65E2005768F1 /* HUD */ = {
			isa = PBXGroup;
			children = (
				182FEEE61D1A65E2005768F1 /* M13ProgressHUD.h */,
				182FEEE71D1A65E2005768F1 /* M13ProgressHUD.m */,
				182FEEE81D1A65E2005768F1 /* UIImage+ImageEffects.h */,
				182FEEE91D1A65E2005768F1 /* UIImage+ImageEffects.m */,
			);
			path = HUD;
			sourceTree = "<group>";
		};
		182FEF321D1A738B005768F1 /* PPDragDropBadgeView */ = {
			isa = PBXGroup;
			children = (
				182FEF331D1A738B005768F1 /* PPDragDropBadgeView.bundle */,
				182FEF341D1A738B005768F1 /* PPDragDropBadgeView.h */,
				182FEF351D1A738B005768F1 /* PPDragDropBadgeView.m */,
				182FEF361D1A738B005768F1 /* PRTween */,
			);
			path = PPDragDropBadgeView;
			sourceTree = "<group>";
		};
		182FEF361D1A738B005768F1 /* PRTween */ = {
			isa = PBXGroup;
			children = (
				182FEF371D1A738B005768F1 /* PRTween.h */,
				182FEF381D1A738B005768F1 /* PRTween.m */,
				182FEF391D1A738B005768F1 /* PRTweenTimingFunctions.h */,
				182FEF3A1D1A738B005768F1 /* PRTweenTimingFunctions.m */,
			);
			path = PRTween;
			sourceTree = "<group>";
		};
		18CB04091D1386E000076DBA /* GYFMDB */ = {
			isa = PBXGroup;
			children = (
				18CB040A1D1386E000076DBA /* GYFMDB */,
				18CB04111D1386E000076DBA /* LICENSE */,
				18CB04121D1386E000076DBA /* README.md */,
			);
			path = GYFMDB;
			sourceTree = "<group>";
		};
		18CB040A1D1386E000076DBA /* GYFMDB */ = {
			isa = PBXGroup;
			children = (
				18CB040B1D1386E000076DBA /* GYFMDB */,
			);
			path = GYFMDB;
			sourceTree = "<group>";
		};
		18CB040B1D1386E000076DBA /* GYFMDB */ = {
			isa = PBXGroup;
			children = (
				18CB040C1D1386E000076DBA /* GYFMDB */,
			);
			path = GYFMDB;
			sourceTree = "<group>";
		};
		18CB040C1D1386E000076DBA /* GYFMDB */ = {
			isa = PBXGroup;
			children = (
				18CB040D1D1386E000076DBA /* GYFMDB.h */,
				18CB040E1D1386E000076DBA /* GYFMDB.m */,
				18CB040F1D1386E000076DBA /* NSObject+GYFMDB.h */,
				18CB04101D1386E000076DBA /* NSObject+GYFMDB.m */,
			);
			path = GYFMDB;
			sourceTree = "<group>";
		};
		18CB043E1D13D9D700076DBA /* Chat */ = {
			isa = PBXGroup;
			children = (
				18CB04B71D13E3ED00076DBA /* Library */,
				18CB04B01D13DB9300076DBA /* Category */,
				18CB04421D13DA0700076DBA /* KeyBoard */,
				18CB04651D13DA0700076DBA /* Model */,
				18CB04681D13DA0700076DBA /* Other */,
				18CB04751D13DA0700076DBA /* View */,
			);
			path = Chat;
			sourceTree = "<group>";
		};
		18CB04421D13DA0700076DBA /* KeyBoard */ = {
			isa = PBXGroup;
			children = (
				18CB04431D13DA0700076DBA /* Model */,
				18CB04481D13DA0700076DBA /* View */,
			);
			path = KeyBoard;
			sourceTree = "<group>";
		};
		18CB04431D13DA0700076DBA /* Model */ = {
			isa = PBXGroup;
			children = (
				18CB04441D13DA0700076DBA /* GYHDEmojiModel.h */,
				18CB04451D13DA0700076DBA /* GYHDEmojiModel.m */,
				18CB04461D13DA0700076DBA /* GYHDPhotoModel.h */,
				18CB04471D13DA0700076DBA /* GYHDPhotoModel.m */,
			);
			path = Model;
			sourceTree = "<group>";
		};
		18CB04481D13DA0700076DBA /* View */ = {
			isa = PBXGroup;
			children = (
				18CB04491D13DA0700076DBA /* GYHDAudioView.h */,
				18CB044A1D13DA0700076DBA /* GYHDAudioView.m */,
				18CB044B1D13DA0700076DBA /* GYHDCameraShowView.h */,
				18CB044C1D13DA0700076DBA /* GYHDCameraShowView.m */,
				18CB044D1D13DA0700076DBA /* GYHDCameraView.h */,
				18CB044E1D13DA0700076DBA /* GYHDCameraView.m */,
				18CB044F1D13DA0700076DBA /* GYHDEmojiCell.h */,
				18CB04501D13DA0700076DBA /* GYHDEmojiCell.m */,
				18CB04511D13DA0700076DBA /* GYHDEmojiView.h */,
				18CB04521D13DA0700076DBA /* GYHDEmojiView.m */,
				18CB04531D13DA0700076DBA /* GYHDInputView.h */,
				18CB04541D13DA0700076DBA /* GYHDInputView.m */,
				18CB04551D13DA0700076DBA /* GYHDKeyboardSelectBaseView.h */,
				18CB04561D13DA0700076DBA /* GYHDKeyboardSelectBaseView.m */,
				18CB04571D13DA0700076DBA /* GYHDMessageTextView.h */,
				18CB04581D13DA0700076DBA /* GYHDMessageTextView.m */,
				18CB04591D13DA0700076DBA /* GYHDPhotoCell.h */,
				18CB045A1D13DA0700076DBA /* GYHDPhotoCell.m */,
				18CB045B1D13DA0700076DBA /* GYHDPhotoShowView.h */,
				18CB045C1D13DA0700076DBA /* GYHDPhotoShowView.m */,
				18CB045D1D13DA0700076DBA /* GYHDPhotoView.h */,
				18CB045E1D13DA0700076DBA /* GYHDPhotoView.m */,
				18CB045F1D13DA0700076DBA /* GYHDPlayVideoView.h */,
				18CB04601D13DA0700076DBA /* GYHDPlayVideoView.m */,
				18CB04611D13DA0700076DBA /* GYHDQuickReplyView.h */,
				18CB04621D13DA0700076DBA /* GYHDQuickReplyView.m */,
				18CB04631D13DA0700076DBA /* GYHDVideoView.h */,
				18CB04641D13DA0700076DBA /* GYHDVideoView.m */,
			);
			path = View;
			sourceTree = "<group>";
		};
		18CB04651D13DA0700076DBA /* Model */ = {
			isa = PBXGroup;
			children = (
				18CB04661D13DA0700076DBA /* GYHDNewChatModel.h */,
				18CB04671D13DA0700076DBA /* GYHDNewChatModel.m */,
				18CB04C51D13FA3700076DBA /* GYHDVoiceModel.h */,
				18CB04C61D13FA3700076DBA /* GYHDVoiceModel.m */,
				18CB04C81D13FA6100076DBA /* GYHDVideoModel.h */,
				18CB04C91D13FA6100076DBA /* GYHDVideoModel.m */,
			);
			path = Model;
			sourceTree = "<group>";
		};
		18CB04681D13DA0700076DBA /* Other */ = {
			isa = PBXGroup;
			children = (
				18CB04691D13DA0700076DBA /* EmojiTextAttachment.h */,
				18CB046A1D13DA0700076DBA /* EmojiTextAttachment.m */,
				18CB046B1D13DA0700076DBA /* GYHDAudioTool.h */,
				18CB046C1D13DA0700076DBA /* GYHDAudioTool.m */,
				18CB04731D13DA0700076DBA /* GYHDRecordVideoTool.h */,
				18CB04741D13DA0700076DBA /* GYHDRecordVideoTool.m */,
			);
			path = Other;
			sourceTree = "<group>";
		};
		18CB04751D13DA0700076DBA /* View */ = {
			isa = PBXGroup;
			children = (
				18CB04761D13DA0700076DBA /* GYHDBaseChatCell.h */,
				18CB04771D13DA0700076DBA /* GYHDBaseChatCell.m */,
				18CB04781D13DA0700076DBA /* GYHDChatDelegate.h */,
				18CB04791D13DA0700076DBA /* GYHDChatImageShowView.h */,
				18CB047A1D13DA0700076DBA /* GYHDChatImageShowView.m */,
				18CB047B1D13DA0700076DBA /* GYHDChatVideoShowView.h */,
				18CB047C1D13DA0700076DBA /* GYHDChatVideoShowView.m */,
				18CB047D1D13DA0700076DBA /* GYHDLeftChatAudioCell.h */,
				18CB047E1D13DA0700076DBA /* GYHDLeftChatAudioCell.m */,
				18CB047F1D13DA0700076DBA /* GYHDLeftChatImageCell.h */,
				18CB04801D13DA0700076DBA /* GYHDLeftChatImageCell.m */,
				18CB04811D13DA0700076DBA /* GYHDLeftChatTextCell.h */,
				18CB04821D13DA0700076DBA /* GYHDLeftChatTextCell.m */,
				18CB04831D13DA0700076DBA /* GYHDLeftChatVideoCell.h */,
				18CB04841D13DA0700076DBA /* GYHDLeftChatVideoCell.m */,
				18CB04851D13DA0700076DBA /* GYHDRightChatAudioCell.h */,
				18CB04861D13DA0700076DBA /* GYHDRightChatAudioCell.m */,
				18CB04871D13DA0700076DBA /* GYHDRightChatImageCell.h */,
				18CB04881D13DA0700076DBA /* GYHDRightChatImageCell.m */,
				18CB04891D13DA0700076DBA /* GYHDRightChatTextCell.h */,
				18CB048A1D13DA0700076DBA /* GYHDRightChatTextCell.m */,
				18CB048B1D13DA0700076DBA /* GYHDRightChatVideoCell.h */,
				18CB048C1D13DA0700076DBA /* GYHDRightChatVideoCell.m */,
			);
			path = View;
			sourceTree = "<group>";
		};
		18CB04B01D13DB9300076DBA /* Category */ = {
			isa = PBXGroup;
			children = (
				18CB04BF1D13F7C200076DBA /* NSDate+Category.h */,
				18CB04C01D13F7C200076DBA /* NSDate+Category.m */,
				18CB04C11D13F7C200076DBA /* NSDateFormatter+Category.h */,
				18CB04C21D13F7C200076DBA /* NSDateFormatter+Category.m */,
				18CB04BC1D13F7A500076DBA /* UIViewController+DismissKeyboard.h */,
				18CB04BD1D13F7A500076DBA /* UIViewController+DismissKeyboard.m */,
				18CB04B11D13DB9300076DBA /* UIAlertView+Blocks.h */,
				18CB04B21D13DB9300076DBA /* UIAlertView+Blocks.m */,
				18CB04B31D13DB9300076DBA /* UIColor+HEX.h */,
				18CB04B41D13DB9300076DBA /* UIColor+HEX.m */,
			);
			path = Category;
			sourceTree = "<group>";
		};
		18CB04B71D13E3ED00076DBA /* Library */ = {
			isa = PBXGroup;
			children = (
				182FEF321D1A738B005768F1 /* PPDragDropBadgeView */,
				182FEEE51D1A65E2005768F1 /* HUD */,
				182FEEC61D1A65DE005768F1 /* ProgressViews */,
				18CB04B81D13E3FA00076DBA /* lame */,
			);
			name = Library;
			path = Tool;
			sourceTree = "<group>";
		};
		18CB04B81D13E3FA00076DBA /* lame */ = {
			isa = PBXGroup;
			children = (
				18CB04B91D13E3FA00076DBA /* lame.h */,
				18CB04BA1D13E3FA00076DBA /* libmp3lame.a */,
			);
			path = lame;
			sourceTree = "<group>";
		};
		18CC52F01D17944100B59628 /* Tool */ = {
			isa = PBXGroup;
			children = (
				189C75BA1D0FDED000FCEC31 /* GYMessengeExtendElement.h */,
				189C75BB1D0FDED000FCEC31 /* GYMessengeExtendElement.m */,
				189C75BD1D0FDF3E00FCEC31 /* GYGenUUID.h */,
				189C75BE1D0FDF3E00FCEC31 /* GYGenUUID.m */,
				18CC52F11D17A19E00B59628 /* NSString+dictionaryToJsonString.h */,
				18CC52F21D17A19E00B59628 /* NSString+dictionaryToJsonString.m */,
			);
			name = Tool;
			sourceTree = "<group>";
		};
		29C3568654A1F6183E2E20EB /* Pods */ = {
			isa = PBXGroup;
			children = (
				207A870B5368F32B0EACE0E8 /* Pods.debug.xcconfig */,
				F96369142F567A2A9EFBFFAE /* Pods.release.xcconfig */,
			);
			name = Pods;
			sourceTree = "<group>";
		};
		40E4A103C89C3FAFFF2C84B5 /* Frameworks */ = {
			isa = PBXGroup;
			children = (
				5205B05BDC3E478BBBE69240 /* libPods.a */,
			);
			name = Frameworks;
			sourceTree = "<group>";
		};
		6043575B1D026B4600CF2228 = {
			isa = PBXGroup;
			children = (
				18CB043D1D13D40900076DBA /* PrefixHeader.pch */,
				189C75C01D0FF97900FCEC31 /* Default-568h@2x.png */,
				604357661D026B4600CF2228 /* GYXMPP */,
				604357801D026B4600CF2228 /* GYXMPPUITests */,
				604357651D026B4600CF2228 /* Products */,
				29C3568654A1F6183E2E20EB /* Pods */,
				40E4A103C89C3FAFFF2C84B5 /* Frameworks */,
			);
			sourceTree = "<group>";
		};
		604357651D026B4600CF2228 /* Products */ = {
			isa = PBXGroup;
			children = (
				604357641D026B4600CF2228 /* GYXMPP.app */,
				6043577D1D026B4600CF2228 /* GYXMPPUITests.xctest */,
			);
			name = Products;
			sourceTree = "<group>";
		};
		604357661D026B4600CF2228 /* GYXMPP */ = {
			isa = PBXGroup;
			children = (
				18CB04091D1386E000076DBA /* GYFMDB */,
				6043578C1D027A8F00CF2228 /* GYXMPP */,
				6043576A1D026B4600CF2228 /* AppDelegate.h */,
				6043576B1D026B4600CF2228 /* AppDelegate.m */,
				189C75C21D0FFB1D00FCEC31 /* MessageListCell.h */,
				189C75C31D0FFB1D00FCEC31 /* MessageListCell.m */,
				6043576D1D026B4600CF2228 /* MessageListViewController.h */,
				6043576E1D026B4600CF2228 /* MessageListViewController.m */,
				18CB043E1D13D9D700076DBA /* Chat */,
				18CB043A1D13D19800076DBA /* GYHDChatViewController.h */,
				18CB043B1D13D19800076DBA /* GYHDChatViewController.m */,
				18E92A611D12469F0065147A /* LoginViewController.h */,
				18E92A621D12469F0065147A /* LoginViewController.m */,
				18E92A631D12469F0065147A /* LoginViewController.xib */,
				604357731D026B4600CF2228 /* Assets.xcassets */,
				604357781D026B4600CF2228 /* Info.plist */,
				604357671D026B4600CF2228 /* Supporting Files */,
			);
			path = GYXMPP;
			sourceTree = "<group>";
		};
		604357671D026B4600CF2228 /* Supporting Files */ = {
			isa = PBXGroup;
			children = (
				604357681D026B4600CF2228 /* main.m */,
			);
			name = "Supporting Files";
			sourceTree = "<group>";
		};
		604357801D026B4600CF2228 /* GYXMPPUITests */ = {
			isa = PBXGroup;
			children = (
				604357811D026B4600CF2228 /* GYXMPPUITests.m */,
				604357831D026B4600CF2228 /* Info.plist */,
			);
			path = GYXMPPUITests;
			sourceTree = "<group>";
		};
		6043578C1D027A8F00CF2228 /* GYXMPP */ = {
			isa = PBXGroup;
			children = (
				6043578D1D027AD100CF2228 /* GYXMPP.h */,
				6043578E1D027AD100CF2228 /* GYXMPP.m */,
				604357901D028ED900CF2228 /* GYXMPPTool.h */,
				604357911D028ED900CF2228 /* GYXMPPTool.m */,
				189C75AA1D0FB14500FCEC31 /* GYMessage.h */,
				189C75AB1D0FB14500FCEC31 /* GYMessage.m */,
				18CC52F01D17944100B59628 /* Tool */,
			);
			path = GYXMPP;
			sourceTree = "<group>";
		};
/* End PBXGroup section */

/* Begin PBXNativeTarget section */
		604357631D026B4600CF2228 /* GYXMPP */ = {
			isa = PBXNativeTarget;
			buildConfigurationList = 604357861D026B4600CF2228 /* Build configuration list for PBXNativeTarget "GYXMPP" */;
			buildPhases = (
				62844A3E4B9C48FD4E74BD4D /* Check Pods Manifest.lock */,
				604357601D026B4600CF2228 /* Sources */,
				604357611D026B4600CF2228 /* Frameworks */,
				604357621D026B4600CF2228 /* Resources */,
				51FE423824375D2A28C1D3F4 /* Embed Pods Frameworks */,
				76C9E6267766B8AF0E880C2E /* Copy Pods Resources */,
			);
			buildRules = (
			);
			dependencies = (
			);
			name = GYXMPP;
			productName = GYXMPP;
			productReference = 604357641D026B4600CF2228 /* GYXMPP.app */;
			productType = "com.apple.product-type.application";
		};
		6043577C1D026B4600CF2228 /* GYXMPPUITests */ = {
			isa = PBXNativeTarget;
			buildConfigurationList = 604357891D026B4600CF2228 /* Build configuration list for PBXNativeTarget "GYXMPPUITests" */;
			buildPhases = (
				604357791D026B4600CF2228 /* Sources */,
				6043577A1D026B4600CF2228 /* Frameworks */,
				6043577B1D026B4600CF2228 /* Resources */,
			);
			buildRules = (
			);
			dependencies = (
				6043577F1D026B4600CF2228 /* PBXTargetDependency */,
			);
			name = GYXMPPUITests;
			productName = GYXMPPUITests;
			productReference = 6043577D1D026B4600CF2228 /* GYXMPPUITests.xctest */;
			productType = "com.apple.product-type.bundle.ui-testing";
		};
/* End PBXNativeTarget section */

/* Begin PBXProject section */
		6043575C1D026B4600CF2228 /* Project object */ = {
			isa = PBXProject;
			attributes = {
				LastUpgradeCheck = 0710;
				ORGANIZATIONNAME = jianglincen;
				TargetAttributes = {
					604357631D026B4600CF2228 = {
						CreatedOnToolsVersion = 7.1;
					};
					6043577C1D026B4600CF2228 = {
						CreatedOnToolsVersion = 7.1;
						TestTargetID = 604357631D026B4600CF2228;
					};
				};
			};
			buildConfigurationList = 6043575F1D026B4600CF2228 /* Build configuration list for PBXProject "GYXMPP" */;
			compatibilityVersion = "Xcode 3.2";
			developmentRegion = English;
			hasScannedForEncodings = 0;
			knownRegions = (
				en,
				Base,
			);
			mainGroup = 6043575B1D026B4600CF2228;
			productRefGroup = 604357651D026B4600CF2228 /* Products */;
			projectDirPath = "";
			projectRoot = "";
			targets = (
				604357631D026B4600CF2228 /* GYXMPP */,
				6043577C1D026B4600CF2228 /* GYXMPPUITests */,
			);
		};
/* End PBXProject section */

/* Begin PBXResourcesBuildPhase section */
		604357621D026B4600CF2228 /* Resources */ = {
			isa = PBXResourcesBuildPhase;
			buildActionMask = 2147483647;
			files = (
				182FEF3B1D1A738B005768F1 /* PPDragDropBadgeView.bundle in Resources */,
				604357741D026B4600CF2228 /* Assets.xcassets in Resources */,
				189C75C11D0FF97900FCEC31 /* Default-568h@2x.png in Resources */,
				18CB04151D1386E000076DBA /* LICENSE in Resources */,
				18E92A651D12469F0065147A /* LoginViewController.xib in Resources */,
			);
			runOnlyForDeploymentPostprocessing = 0;
		};
		6043577B1D026B4600CF2228 /* Resources */ = {
			isa = PBXResourcesBuildPhase;
			buildActionMask = 2147483647;
			files = (
			);
			runOnlyForDeploymentPostprocessing = 0;
		};
/* End PBXResourcesBuildPhase section */

/* Begin PBXShellScriptBuildPhase section */
		51FE423824375D2A28C1D3F4 /* Embed Pods Frameworks */ = {
			isa = PBXShellScriptBuildPhase;
			buildActionMask = 2147483647;
			files = (
			);
			inputPaths = (
			);
			name = "Embed Pods Frameworks";
			outputPaths = (
			);
			runOnlyForDeploymentPostprocessing = 0;
			shellPath = /bin/sh;
			shellScript = "\"${SRCROOT}/Pods/Target Support Files/Pods/Pods-frameworks.sh\"\n";
			showEnvVarsInLog = 0;
		};
		62844A3E4B9C48FD4E74BD4D /* Check Pods Manifest.lock */ = {
			isa = PBXShellScriptBuildPhase;
			buildActionMask = 2147483647;
			files = (
			);
			inputPaths = (
			);
			name = "Check Pods Manifest.lock";
			outputPaths = (
			);
			runOnlyForDeploymentPostprocessing = 0;
			shellPath = /bin/sh;
			shellScript = "diff \"${PODS_ROOT}/../Podfile.lock\" \"${PODS_ROOT}/Manifest.lock\" > /dev/null\nif [[ $? != 0 ]] ; then\n    cat << EOM\nerror: The sandbox is not in sync with the Podfile.lock. Run 'pod install' or update your CocoaPods installation.\nEOM\n    exit 1\nfi\n";
			showEnvVarsInLog = 0;
		};
		76C9E6267766B8AF0E880C2E /* Copy Pods Resources */ = {
			isa = PBXShellScriptBuildPhase;
			buildActionMask = 2147483647;
			files = (
			);
			inputPaths = (
			);
			name = "Copy Pods Resources";
			outputPaths = (
			);
			runOnlyForDeploymentPostprocessing = 0;
			shellPath = /bin/sh;
			shellScript = "\"${SRCROOT}/Pods/Target Support Files/Pods/Pods-resources.sh\"\n";
			showEnvVarsInLog = 0;
		};
/* End PBXShellScriptBuildPhase section */

/* Begin PBXSourcesBuildPhase section */
		604357601D026B4600CF2228 /* Sources */ = {
			isa = PBXSourcesBuildPhase;
			buildActionMask = 2147483647;
			files = (
				18CB04AF1D13DA0700076DBA /* GYHDRightChatVideoCell.m in Sources */,
				182FEEEB1D1A65E2005768F1 /* UIImage+ImageEffects.m in Sources */,
				6043578F1D027AD100CF2228 /* GYXMPP.m in Sources */,
				18CB04911D13DA0700076DBA /* GYHDCameraShowView.m in Sources */,
				18CB04961D13DA0700076DBA /* GYHDKeyboardSelectBaseView.m in Sources */,
				18CB04A81D13DA0700076DBA /* GYHDLeftChatAudioCell.m in Sources */,
				6043576F1D026B4600CF2228 /* MessageListViewController.m in Sources */,
				18CC52F31D17A19E00B59628 /* NSString+dictionaryToJsonString.m in Sources */,
				18CB049F1D13DA0700076DBA /* EmojiTextAttachment.m in Sources */,
				189C75BC1D0FDED000FCEC31 /* GYMessengeExtendElement.m in Sources */,
				182FEEE11D1A65DE005768F1 /* M13ProgressViewRing.m in Sources */,
				18CB04A41D13DA0700076DBA /* GYHDRecordVideoTool.m in Sources */,
				182FEEE01D1A65DE005768F1 /* M13ProgressViewPie.m in Sources */,
				18CB049D1D13DA0700076DBA /* GYHDVideoView.m in Sources */,
				182FEEDF1D1A65DE005768F1 /* M13ProgressViewImage.m in Sources */,
				6043576C1D026B4600CF2228 /* AppDelegate.m in Sources */,
				18CB04941D13DA0700076DBA /* GYHDEmojiView.m in Sources */,
				18CB049A1D13DA0700076DBA /* GYHDPhotoView.m in Sources */,
				18CB04161D1386E000076DBA /* README.md in Sources */,
				182FEEEA1D1A65E2005768F1 /* M13ProgressHUD.m in Sources */,
				18E92A641D12469F0065147A /* LoginViewController.m in Sources */,
				18CB04A61D13DA0700076DBA /* GYHDChatImageShowView.m in Sources */,
				18CB04C31D13F7C200076DBA /* NSDate+Category.m in Sources */,
				18CB048F1D13DA0700076DBA /* GYHDPhotoModel.m in Sources */,
				18CB04AE1D13DA0700076DBA /* GYHDRightChatTextCell.m in Sources */,
				18CB04C71D13FA3700076DBA /* GYHDVoiceModel.m in Sources */,
				18CB04981D13DA0700076DBA /* GYHDPhotoCell.m in Sources */,
				182FEF3C1D1A738B005768F1 /* PPDragDropBadgeView.m in Sources */,
				18CB043C1D13D19800076DBA /* GYHDChatViewController.m in Sources */,
				182FEEDE1D1A65DE005768F1 /* M13ProgressViewFilteredImage.m in Sources */,
				189C75C41D0FFB1D00FCEC31 /* MessageListCell.m in Sources */,
				18CB04A51D13DA0700076DBA /* GYHDBaseChatCell.m in Sources */,
				18CB049B1D13DA0700076DBA /* GYHDPlayVideoView.m in Sources */,
				18CB04A71D13DA0700076DBA /* GYHDChatVideoShowView.m in Sources */,
				182FEEE41D1A65DE005768F1 /* M13ProgressViewStripedBar.m in Sources */,
				18CB04991D13DA0700076DBA /* GYHDPhotoShowView.m in Sources */,
				18CB04131D1386E000076DBA /* GYFMDB.m in Sources */,
				182FEEDB1D1A65DE005768F1 /* M13ProgressView.m in Sources */,
				18CB04921D13DA0700076DBA /* GYHDCameraView.m in Sources */,
				189C75AD1D0FB14500FCEC31 /* GYMessage.m in Sources */,
				18CB049E1D13DA0700076DBA /* GYHDNewChatModel.m in Sources */,
				182FEEE21D1A65DE005768F1 /* M13ProgressViewSegmentedBar.m in Sources */,
				18CB04141D1386E000076DBA /* NSObject+GYFMDB.m in Sources */,
				18CB048E1D13DA0700076DBA /* GYHDEmojiModel.m in Sources */,
				189C75BF1D0FDF3E00FCEC31 /* GYGenUUID.m in Sources */,
				182FEEDD1D1A65DE005768F1 /* M13ProgressViewBorderedBar.m in Sources */,
				604357921D028ED900CF2228 /* GYXMPPTool.m in Sources */,
				604357691D026B4600CF2228 /* main.m in Sources */,
				18CB04931D13DA0700076DBA /* GYHDEmojiCell.m in Sources */,
				18CB04AD1D13DA0700076DBA /* GYHDRightChatImageCell.m in Sources */,
				18CB04B61D13DB9300076DBA /* UIColor+HEX.m in Sources */,
				18CB04901D13DA0700076DBA /* GYHDAudioView.m in Sources */,
				18CB04B51D13DB9300076DBA /* UIAlertView+Blocks.m in Sources */,
				182FEF3E1D1A738B005768F1 /* PRTweenTimingFunctions.m in Sources */,
				18CB04AC1D13DA0700076DBA /* GYHDRightChatAudioCell.m in Sources */,
				18CB04AB1D13DA0700076DBA /* GYHDLeftChatVideoCell.m in Sources */,
				182FEEDC1D1A65DE005768F1 /* M13ProgressViewBar.m in Sources */,
				182FEEE31D1A65DE005768F1 /* M13ProgressViewSegmentedRing.m in Sources */,
				18CB04A01D13DA0700076DBA /* GYHDAudioTool.m in Sources */,
				18CB04BE1D13F7A500076DBA /* UIViewController+DismissKeyboard.m in Sources */,
				18CB04A91D13DA0700076DBA /* GYHDLeftChatImageCell.m in Sources */,
				182FEF3D1D1A738B005768F1 /* PRTween.m in Sources */,
				18CB049C1D13DA0700076DBA /* GYHDQuickReplyView.m in Sources */,
				18CB04AA1D13DA0700076DBA /* GYHDLeftChatTextCell.m in Sources */,
				18CB04C41D13F7C200076DBA /* NSDateFormatter+Category.m in Sources */,
				18CB04951D13DA0700076DBA /* GYHDInputView.m in Sources */,
				18CB04971D13DA0700076DBA /* GYHDMessageTextView.m in Sources */,
				18CB04CA1D13FA6100076DBA /* GYHDVideoModel.m in Sources */,
			);
			runOnlyForDeploymentPostprocessing = 0;
		};
		604357791D026B4600CF2228 /* Sources */ = {
			isa = PBXSourcesBuildPhase;
			buildActionMask = 2147483647;
			files = (
				604357821D026B4600CF2228 /* GYXMPPUITests.m in Sources */,
			);
			runOnlyForDeploymentPostprocessing = 0;
		};
/* End PBXSourcesBuildPhase section */

/* Begin PBXTargetDependency section */
		6043577F1D026B4600CF2228 /* PBXTargetDependency */ = {
			isa = PBXTargetDependency;
			target = 604357631D026B4600CF2228 /* GYXMPP */;
			targetProxy = 6043577E1D026B4600CF2228 /* PBXContainerItemProxy */;
		};
/* End PBXTargetDependency section */

/* Begin XCBuildConfiguration section */
		604357841D026B4600CF2228 /* Debug */ = {
			isa = XCBuildConfiguration;
			buildSettings = {
				ALWAYS_SEARCH_USER_PATHS = NO;
				CLANG_CXX_LANGUAGE_STANDARD = "gnu++0x";
				CLANG_CXX_LIBRARY = "libc++";
				CLANG_ENABLE_MODULES = YES;
				CLANG_ENABLE_OBJC_ARC = YES;
				CLANG_WARN_BOOL_CONVERSION = YES;
				CLANG_WARN_CONSTANT_CONVERSION = YES;
				CLANG_WARN_DIRECT_OBJC_ISA_USAGE = YES_ERROR;
				CLANG_WARN_EMPTY_BODY = YES;
				CLANG_WARN_ENUM_CONVERSION = YES;
				CLANG_WARN_INT_CONVERSION = YES;
				CLANG_WARN_OBJC_ROOT_CLASS = YES_ERROR;
				CLANG_WARN_UNREACHABLE_CODE = YES;
				CLANG_WARN__DUPLICATE_METHOD_MATCH = YES;
				"CODE_SIGN_IDENTITY[sdk=iphoneos*]" = "iPhone Developer";
				COPY_PHASE_STRIP = NO;
				DEBUG_INFORMATION_FORMAT = dwarf;
				ENABLE_STRICT_OBJC_MSGSEND = YES;
				ENABLE_TESTABILITY = YES;
				GCC_C_LANGUAGE_STANDARD = gnu99;
				GCC_DYNAMIC_NO_PIC = NO;
				GCC_NO_COMMON_BLOCKS = YES;
				GCC_OPTIMIZATION_LEVEL = 0;
				GCC_PREPROCESSOR_DEFINITIONS = (
					"DEBUG=1",
					"$(inherited)",
				);
				GCC_WARN_64_TO_32_BIT_CONVERSION = YES;
				GCC_WARN_ABOUT_RETURN_TYPE = YES_ERROR;
				GCC_WARN_UNDECLARED_SELECTOR = YES;
				GCC_WARN_UNINITIALIZED_AUTOS = YES_AGGRESSIVE;
				GCC_WARN_UNUSED_FUNCTION = YES;
				GCC_WARN_UNUSED_VARIABLE = YES;
				IPHONEOS_DEPLOYMENT_TARGET = 9.1;
				MTL_ENABLE_DEBUG_INFO = YES;
				ONLY_ACTIVE_ARCH = YES;
				SDKROOT = iphoneos;
			};
			name = Debug;
		};
		604357851D026B4600CF2228 /* Release */ = {
			isa = XCBuildConfiguration;
			buildSettings = {
				ALWAYS_SEARCH_USER_PATHS = NO;
				CLANG_CXX_LANGUAGE_STANDARD = "gnu++0x";
				CLANG_CXX_LIBRARY = "libc++";
				CLANG_ENABLE_MODULES = YES;
				CLANG_ENABLE_OBJC_ARC = YES;
				CLANG_WARN_BOOL_CONVERSION = YES;
				CLANG_WARN_CONSTANT_CONVERSION = YES;
				CLANG_WARN_DIRECT_OBJC_ISA_USAGE = YES_ERROR;
				CLANG_WARN_EMPTY_BODY = YES;
				CLANG_WARN_ENUM_CONVERSION = YES;
				CLANG_WARN_INT_CONVERSION = YES;
				CLANG_WARN_OBJC_ROOT_CLASS = YES_ERROR;
				CLANG_WARN_UNREACHABLE_CODE = YES;
				CLANG_WARN__DUPLICATE_METHOD_MATCH = YES;
				"CODE_SIGN_IDENTITY[sdk=iphoneos*]" = "iPhone Developer";
				COPY_PHASE_STRIP = NO;
				DEBUG_INFORMATION_FORMAT = "dwarf-with-dsym";
				ENABLE_NS_ASSERTIONS = NO;
				ENABLE_STRICT_OBJC_MSGSEND = YES;
				GCC_C_LANGUAGE_STANDARD = gnu99;
				GCC_NO_COMMON_BLOCKS = YES;
				GCC_WARN_64_TO_32_BIT_CONVERSION = YES;
				GCC_WARN_ABOUT_RETURN_TYPE = YES_ERROR;
				GCC_WARN_UNDECLARED_SELECTOR = YES;
				GCC_WARN_UNINITIALIZED_AUTOS = YES_AGGRESSIVE;
				GCC_WARN_UNUSED_FUNCTION = YES;
				GCC_WARN_UNUSED_VARIABLE = YES;
				IPHONEOS_DEPLOYMENT_TARGET = 9.1;
				MTL_ENABLE_DEBUG_INFO = NO;
				SDKROOT = iphoneos;
				VALIDATE_PRODUCT = YES;
			};
			name = Release;
		};
		604357871D026B4600CF2228 /* Debug */ = {
			isa = XCBuildConfiguration;
			baseConfigurationReference = 207A870B5368F32B0EACE0E8 /* Pods.debug.xcconfig */;
			buildSettings = {
				ASSETCATALOG_COMPILER_APPICON_NAME = AppIcon;
				GCC_PREFIX_HEADER = /Users/apple/GitHub/GYXMPP/GYXMPP/PrefixHeader.pch;
				INFOPLIST_FILE = GYXMPP/Info.plist;
				IPHONEOS_DEPLOYMENT_TARGET = 7.0;
				LD_RUNPATH_SEARCH_PATHS = "$(inherited) @executable_path/Frameworks";
				LIBRARY_SEARCH_PATHS = (
					"$(inherited)",
					"$(PROJECT_DIR)/GYXMPP/Chat/Tool/lame",
				);
				PRODUCT_BUNDLE_IDENTIFIER = jlc.GYXMPP;
				PRODUCT_NAME = "$(TARGET_NAME)";
			};
			name = Debug;
		};
		604357881D026B4600CF2228 /* Release */ = {
			isa = XCBuildConfiguration;
			baseConfigurationReference = F96369142F567A2A9EFBFFAE /* Pods.release.xcconfig */;
			buildSettings = {
				ASSETCATALOG_COMPILER_APPICON_NAME = AppIcon;
				GCC_PREFIX_HEADER = /Users/apple/GitHub/GYXMPP/GYXMPP/PrefixHeader.pch;
				INFOPLIST_FILE = GYXMPP/Info.plist;
				IPHONEOS_DEPLOYMENT_TARGET = 7.0;
				LD_RUNPATH_SEARCH_PATHS = "$(inherited) @executable_path/Frameworks";
				LIBRARY_SEARCH_PATHS = (
					"$(inherited)",
					"$(PROJECT_DIR)/GYXMPP/Chat/Tool/lame",
				);
				PRODUCT_BUNDLE_IDENTIFIER = jlc.GYXMPP;
				PRODUCT_NAME = "$(TARGET_NAME)";
			};
			name = Release;
		};
		6043578A1D026B4600CF2228 /* Debug */ = {
			isa = XCBuildConfiguration;
			buildSettings = {
				INFOPLIST_FILE = GYXMPPUITests/Info.plist;
				LD_RUNPATH_SEARCH_PATHS = "$(inherited) @executable_path/Frameworks @loader_path/Frameworks";
				PRODUCT_BUNDLE_IDENTIFIER = jlc.GYXMPPUITests;
				PRODUCT_NAME = "$(TARGET_NAME)";
				TEST_TARGET_NAME = GYXMPP;
				USES_XCTRUNNER = YES;
			};
			name = Debug;
		};
		6043578B1D026B4600CF2228 /* Release */ = {
			isa = XCBuildConfiguration;
			buildSettings = {
				INFOPLIST_FILE = GYXMPPUITests/Info.plist;
				LD_RUNPATH_SEARCH_PATHS = "$(inherited) @executable_path/Frameworks @loader_path/Frameworks";
				PRODUCT_BUNDLE_IDENTIFIER = jlc.GYXMPPUITests;
				PRODUCT_NAME = "$(TARGET_NAME)";
				TEST_TARGET_NAME = GYXMPP;
				USES_XCTRUNNER = YES;
			};
			name = Release;
		};
/* End XCBuildConfiguration section */

/* Begin XCConfigurationList section */
		6043575F1D026B4600CF2228 /* Build configuration list for PBXProject "GYXMPP" */ = {
			isa = XCConfigurationList;
			buildConfigurations = (
				604357841D026B4600CF2228 /* Debug */,
				604357851D026B4600CF2228 /* Release */,
			);
			defaultConfigurationIsVisible = 0;
			defaultConfigurationName = Release;
		};
		604357861D026B4600CF2228 /* Build configuration list for PBXNativeTarget "GYXMPP" */ = {
			isa = XCConfigurationList;
			buildConfigurations = (
				604357871D026B4600CF2228 /* Debug */,
				604357881D026B4600CF2228 /* Release */,
			);
			defaultConfigurationIsVisible = 0;
			defaultConfigurationName = Release;
		};
		604357891D026B4600CF2228 /* Build configuration list for PBXNativeTarget "GYXMPPUITests" */ = {
			isa = XCConfigurationList;
			buildConfigurations = (
				6043578A1D026B4600CF2228 /* Debug */,
				6043578B1D026B4600CF2228 /* Release */,
			);
			defaultConfigurationIsVisible = 0;
			defaultConfigurationName = Release;
		};
/* End XCConfigurationList section */
	};
	rootObject = 6043575C1D026B4600CF2228 /* Project object */;
}
